# This file is autogenerated, do not edit; changes may be undone by the next 'dep ensure'.


[[projects]]
  digest = "1:8c08dabeec001da3389028236a924397b9e11d4c519439d0135db44f9f21cb0f"
  name = "docker.io/go-docker"
  packages = [
    ".",
    "api",
    "api/types",
    "api/types/blkiodev",
    "api/types/container",
    "api/types/events",
    "api/types/filters",
    "api/types/image",
    "api/types/mount",
    "api/types/network",
    "api/types/registry",
    "api/types/strslice",
    "api/types/swarm",
    "api/types/swarm/runtime",
    "api/types/time",
    "api/types/versions",
    "api/types/volume",
  ]
  pruneopts = "UT"
  revision = "b3f5b5de7bbce0acc6a7fc0a4c2b88db678e262e"
  version = "v1.0.0"

[[projects]]
  digest = "1:f9ae348e1f793dcf9ed930ed47136a67343dbd6809c5c91391322267f4476892"
  name = "github.com/Microsoft/go-winio"
  packages = ["."]
  pruneopts = "UT"
  revision = "97e4973ce50b2ff5f09635a57e2b88a037aae829"
  version = "v0.4.11"

[[projects]]
  digest = "1:7b94d37d65c0445053c6f3e73090e3966c1c29127035492c349e14f25c440359"
  name = "github.com/boombuler/barcode"
  packages = [
    ".",
    "qr",
    "utils",
  ]
  pruneopts = "UT"
  revision = "3cfea5ab600ae37946be2b763b8ec2c1cf2d272d"
  version = "v1.0.0"

[[projects]]
  digest = "1:e29335d5a78621ed7a539ed75e10785c3705bb67d916e48b03b1cdf9b727508d"
  name = "github.com/creack/pty"
  packages = ["."]
  pruneopts = "UT"
  revision = "3a6a957789163cacdfe0e291617a1c8e80612c11"
  version = "v1.1.9"

[[projects]]
  digest = "1:76dc72490af7174349349838f2fe118996381b31ea83243812a97e5a0fd5ed55"
  name = "github.com/dgrijalva/jwt-go"
  packages = ["."]
  pruneopts = "UT"
  revision = "06ea1031745cb8b3dab3f6a236daf2b0aa468b7e"
  version = "v3.2.0"

[[projects]]
  digest = "1:4189ee6a3844f555124d9d2656fe7af02fca961c2a9bad9074789df13a0c62e0"
  name = "github.com/docker/distribution"
  packages = [
    "digestset",
    "reference",
  ]
  pruneopts = "UT"
  revision = "edc3ab29cdff8694dd6feb85cfeb4b5f1b38ed9c"

[[projects]]
  digest = "1:c4c7064c2c67a0a00815918bae489dd62cd88d859d24c95115d69b00b3d33334"
  name = "github.com/docker/docker"
  packages = [
    "api/types",
    "api/types/blkiodev",
    "api/types/container",
    "api/types/events",
    "api/types/filters",
    "api/types/mount",
    "api/types/network",
    "api/types/reference",
    "api/types/registry",
    "api/types/strslice",
    "api/types/swarm",
    "api/types/time",
    "api/types/versions",
    "api/types/volume",
    "client",
    "pkg/tlsconfig",
  ]
  pruneopts = "UT"
  revision = "092cba3727bb9b4a2f0e922cd6c0f93ea270e363"
  version = "v1.13.1"

[[projects]]
  digest = "1:b6b5c3e8da0fb8073cd2886ba249a40f4402b4391ca6eba905a142cceea97a12"
  name = "github.com/docker/go-connections"
  packages = [
    "nat",
    "sockets",
    "tlsconfig",
  ]
  pruneopts = "UT"
  revision = "3ede32e2033de7505e6500d6c868c2b9ed9f169d"
  version = "v0.3.0"

[[projects]]
  digest = "1:6f82cacd0af5921e99bf3f46748705239b36489464f4529a1589bc895764fb18"
  name = "github.com/docker/go-units"
  packages = ["."]
  pruneopts = "UT"
  revision = "47565b4f722fb6ceae66b95f853feed578a4a51c"
  version = "v0.3.3"

[[projects]]
  digest = "1:bb89a2542933056fcebc2950bb15ec636e623cc43c96597288aa2009f15b0ce1"
  name = "github.com/eclipse/paho.mqtt.golang"
  packages = [
    ".",
    "packets",
  ]
  pruneopts = "UT"
  revision = "adca289fdcf8c883800aafa545bc263452290bae"
  version = "v1.2.0"

[[projects]]
  digest = "1:bde2a1ce1de28312f165a88926c12f4acd19dc4d7da96a445dfa5a29eae07a93"
  name = "github.com/fatih/color"
  packages = ["."]
  pruneopts = "UT"
  revision = "daf2830f2741ebb735b21709a520c5f37d642d85"
  version = "v1.9.0"

[[projects]]
  digest = "1:af43bdaaf86655a2343f113e9b293bbc16b12099eaeb223982bbe4d4c22ba14d"
  name = "github.com/fatih/structs"
  packages = ["."]
  pruneopts = "UT"
  revision = "4966fc68f5b7593aafa6cbbba2d65ec6e1416047"
  version = "v1.1.0"

[[projects]]
  branch = "master"
  digest = "1:daf1d1e9d10540fa87daf0d158bb1f15f75c3b0617596a222072708f4f84a740"
  name = "github.com/gin-contrib/sessions"
  packages = [
    ".",
    "cookie",
    "memstore",
  ]
  pruneopts = "UT"
  revision = "7687b645ca6b8b80eb1b45dc16bfb026e9c04c7d"

[[projects]]
  branch = "master"
  digest = "1:36fe9527deed01d2a317617e59304eb2c4ce9f8a24115bcc5c2e37b3aee5bae4"
  name = "github.com/gin-contrib/sse"
  packages = ["."]
  pruneopts = "UT"
  revision = "22d885f9ecc78bf4ee5d72b937e4bbcdc58e8cae"

[[projects]]
  branch = "master"
  digest = "1:5833221fe0e85bc4c96eaed8fa241a417a650dfefd192fc93789c8802970e6c2"
  name = "github.com/gin-contrib/static"
  packages = ["."]
  pruneopts = "UT"
  revision = "cf5e10bbd933040ff603b7f0fb85510bae9916f0"

[[projects]]
  digest = "1:d5083934eb25e45d17f72ffa86cae3814f4a9d6c073c4f16b64147169b245606"
  name = "github.com/gin-gonic/gin"
  packages = [
    ".",
    "binding",
    "json",
    "render",
  ]
  pruneopts = "UT"
  revision = "b869fe1415e4b9eb52f247441830d502aece2d4d"
  version = "v1.3.0"

[[projects]]
  digest = "1:701239373bbf22998c5a36c76d2ff4ee309b3980e39b7a66d72cabd3aab748fa"
  name = "github.com/gogo/protobuf"
  packages = ["proto"]
  pruneopts = "UT"
  revision = "100ba4e885062801d56799d78530b73b178a78f3"
  version = "v0.4"

[[projects]]
  digest = "1:6ba96a683441984156b05568b9d31dbc846d3336d21ac220fcc819a367dc1f65"
  name = "github.com/golang/protobuf"
  packages = ["proto"]
  pruneopts = "UT"
  revision = "5a0f697c9ed9d68fef0116532c6e05cfeae00e55"

[[projects]]
  digest = "1:c79fb010be38a59d657c48c6ba1d003a8aa651fa56b579d959d74573b7dff8e1"
  name = "github.com/gorilla/context"
  packages = ["."]
  pruneopts = "UT"
  revision = "08b5f424b9271eedf6f9f0ce86cb9396ed337a42"
  version = "v1.1.1"

[[projects]]
  digest = "1:e72d1ebb8d395cf9f346fd9cbc652e5ae222dd85e0ac842dc57f175abed6d195"
  name = "github.com/gorilla/securecookie"
  packages = ["."]
  pruneopts = "UT"
  revision = "e59506cc896acb7f7bf732d4fdf5e25f7ccd8983"
  version = "v1.1.1"

[[projects]]
  digest = "1:e5bf52fd66a2e984b57b4c0f2c4ee024ed749a19886246240629998dc0cf31ce"
  name = "github.com/gorilla/sessions"
  packages = ["."]
  pruneopts = "UT"
  revision = "f57b7e2d29c6211d16ffa52a0998272f75799030"
  version = "v1.1.3"

[[projects]]
  digest = "1:e62657cca9badaa308d86e7716083e4c5933bb78e30a17743fc67f50be26f6f4"
  name = "github.com/gorilla/websocket"
  packages = ["."]
  pruneopts = "UT"
  revision = "c3e18be99d19e6b3e8f1559eea2c161a665c4b6b"
  version = "v1.4.1"

[[projects]]
  digest = "1:be97e109f627d3ba8edfef50c9c74f0d0c17cbe3a2e924a8985e4804a894f282"
  name = "github.com/json-iterator/go"
  packages = ["."]
  pruneopts = "UT"
  revision = "36b14963da70d11297d313183d7e6388c8510e1e"
  version = "1.0.0"

[[projects]]
  digest = "1:3e2fbf3f6d30c4c009be006f9d2a9eaefc804d8f6b991e88cb793b87318cc5bc"
  name = "github.com/kr/pty"
  packages = ["."]
  pruneopts = "UT"
  revision = "24b51915630e1d9d3c6adf15a3a96796bbc3cd43"
  version = "v1.1.8"

[[projects]]
  digest = "1:4a29eeb25603debe8f2098a9902c4d3851034cf70d33be428826e86e8c30a1b0"
  name = "github.com/mattn/go-colorable"
  packages = ["."]
  pruneopts = "UT"
  revision = "98ec13f34aabf44cc914c65a1cfb7b9bc815aef1"
  version = "v0.1.4"

[[projects]]
  digest = "1:fa610f9fe6a93f4a75e64c83673dfff9bf1a34bbb21e6102021b6bc7850834a3"
  name = "github.com/mattn/go-isatty"
  packages = ["."]
  pruneopts = "UT"
  revision = "57fdcb988a5c543893cc61bce354a6e24ab70022"

[[projects]]
  digest = "1:ee4d4af67d93cc7644157882329023ce9a7bcfce956a079069a9405521c7cc8d"
  name = "github.com/opencontainers/go-digest"
  packages = ["."]
  pruneopts = "UT"
  revision = "279bed98673dd5bef374d3b6e4b09e2af76183bf"
  version = "v1.0.0-rc1"

[[projects]]
  digest = "1:11db38d694c130c800d0aefb502fb02519e514dc53d9804ce51d1ad25ec27db6"
  name = "github.com/opencontainers/image-spec"
  packages = [
    "specs-go",
    "specs-go/v1",
  ]
  pruneopts = "UT"
  revision = "d60099175f88c47cd379c4738d158884749ed235"
  version = "v1.0.1"

[[projects]]
  digest = "1:40e195917a951a8bf867cd05de2a46aaf1806c50cf92eebf4c16f78cd196f747"
  name = "github.com/pkg/errors"
  packages = ["."]
  pruneopts = "UT"
  revision = "645ef00459ed84a119197bfb8d8205042c6df63d"
  version = "v0.8.0"

[[projects]]
  digest = "1:dc56e7178a82f8e84960ed9efa7d4ebd0a6d7864894bfc46f8a35ee5eae7153a"
  name = "github.com/pquerna/otp"
  packages = [
    ".",
    "hotp",
    "totp",
  ]
  pruneopts = "UT"
  revision = "be78767b3e392ce45ea73444451022a6fc32ad0d"
  version = "v1.1.0"

[[projects]]
  branch = "master"
  digest = "1:f8d3b3adc6a9fc0ef67730c0e09cae58e4c0b9fbf4de595e00947f3e70d56ead"
  name = "github.com/quasoft/memstore"
  packages = ["."]
  pruneopts = "UT"
  revision = "84a050167438e9a9344feb4d869289db0969b2fe"

[[projects]]
  branch = "master"
  digest = "1:7439e1e9a33b9d7d3eb7048fe50851a47186fd82d0fc6c481f749fb2c9901f61"
  name = "github.com/skip2/go-qrcode"
  packages = [
    ".",
    "bitset",
    "reedsolomon",
  ]
  pruneopts = "UT"
  revision = "dc11ecdae0a9889dc81a343585516404e8dc6ead"

[[projects]]
  digest = "1:c268acaa4a4d94a467980e5e91452eb61c460145765293dc0aed48e5e9919cc6"
  name = "github.com/ugorji/go"
  packages = ["codec"]
  pruneopts = "UT"
  revision = "c88ee250d0221a57af388746f5cf03768c21d6e2"

[[projects]]
  branch = "master"
  digest = "1:b7cda6bf367836ce3675325f6f7aec675af1ff2fde841524800f499a1acf0ee2"
  name = "golang.org/x/crypto"
  packages = [
    "bcrypt",
    "blowfish",
    "ssh/terminal",
  ]
  pruneopts = "UT"
  revision = "9756ffdc24725223350eb3266ffb92590d28f278"

[[projects]]
  branch = "master"
  digest = "1:9a3bcdc3de9205c01e88dfbe480da3c9e8742e6c2b7531c065af1692f4bfd5e7"
  name = "golang.org/x/net"
  packages = [
    "context",
    "context/ctxhttp",
    "internal/socks",
    "proxy",
    "websocket",
  ]
  pruneopts = "UT"
  revision = "927f97764cc334a6575f4b7a1584a147864d5723"

[[projects]]
  branch = "master"
  digest = "1:10405139b45e3a97a3842c93984710e30466eb933545f219ad3f5e45246973b4"
  name = "golang.org/x/sys"
  packages = [
    "unix",
    "windows",
  ]
  pruneopts = "UT"
  revision = "9a3f9b0469bbc6b8802087ae5c0af9f61502de01"

[[projects]]
  digest = "1:1b4724d3c8125f6044925f02b485b74bfec9905cbf579d95aafd1a6c8f8447d3"
  name = "gopkg.in/go-playground/validator.v8"
  packages = ["."]
  pruneopts = "UT"
  revision = "5f57d2222ad794d0dffb07e664ea05e2ee07d60c"
  version = "v8.18.1"

[[projects]]
  digest = "1:4d2e5a73dc1500038e504a8d78b986630e3626dc027bc030ba5c75da257cdb96"
  name = "gopkg.in/yaml.v2"
  packages = ["."]
  pruneopts = "UT"
  revision = "51d6538a90f86fe93ac480b35f37b2be17fef232"
  version = "v2.2.2"

[[projects]]
  branch = "master"
  digest = "1:c10265d5a71326618d37e97169eddb3582f78e8ac7dcf87403b4cf619efd519a"
  name = "howett.net/plist"
  packages = ["."]
  pruneopts = "UT"
  revision = "591f970eefbbeb04d7b37f334a0c4c3256e32876"

[solve-meta]
  analyzer-name = "dep"
  analyzer-version = 1
  input-imports = [
    "docker.io/go-docker",
    "docker.io/go-docker/api/types",
    "github.com/dgrijalva/jwt-go",
    "github.com/docker/docker/api/types",
    "github.com/docker/docker/api/types/container",
    "github.com/docker/docker/api/types/filters",
    "github.com/docker/docker/api/types/mount",
    "github.com/docker/docker/client",
    "github.com/eclipse/paho.mqtt.golang",
    "github.com/fatih/color",
    "github.com/fatih/structs",
    "github.com/gin-contrib/sessions",
    "github.com/gin-contrib/sessions/cookie",
    "github.com/gin-contrib/sessions/memstore",
    "github.com/gin-contrib/static",
    "github.com/gin-gonic/gin",
    "github.com/gorilla/websocket",
    "github.com/kr/pty",
    "github.com/pkg/errors",
    "github.com/pquerna/otp",
    "github.com/pquerna/otp/totp",
    "github.com/skip2/go-qrcode",
    "golang.org/x/crypto/bcrypt",
    "golang.org/x/crypto/ssh/terminal",
    "gopkg.in/yaml.v2",
    "howett.net/plist",
  ]
  solver-name = "gps-cdcl"
  solver-version = 1
